
Microsoft Visual Studio Solution File, Format Version 12.00
# Visual Studio Version 17
VisualStudioVersion = 17.9.34723.18
MinimumVisualStudioVersion = 10.0.40219.1
Project("{9A19103F-16F7-4668-BE54-9A1E7A4F7556}") = "ATKDotNetCore.ConsoleApp", "ATKDotNetCore.ConsoleApp\ATKDotNetCore.ConsoleApp.csproj", "{5CF61205-B3F3-4D7C-847C-40988352692A}"
EndProject
Project("{2150E333-8FDC-42A3-9474-1A3956D46DE8}") = "Documents", "Documents", "{CCA02FE4-9E11-456C-BC4A-38373959F1D3}"
	ProjectSection(SolutionItems) = preProject
		ATKDotNetCore.sql = ATKDotNetCore.sql
		README.md = README.md
	EndProjectSection
EndProject
Project("{9A19103F-16F7-4668-BE54-9A1E7A4F7556}") = "ATKDotNetCore.RestApi", "ATKDotNetCore.RestApi\ATKDotNetCore.RestApi.csproj", "{BA060910-4C56-4C71-986C-5920936B3DCC}"
EndProject
Project("{9A19103F-16F7-4668-BE54-9A1E7A4F7556}") = "ATKDotNetCore.Shared", "ATKDotNetCore.Shared\ATKDotNetCore.Shared.csproj", "{981EDA7A-3FDC-4F33-A026-EA7002BF8EA4}"
EndProject
Project("{9A19103F-16F7-4668-BE54-9A1E7A4F7556}") = "ATKDotNetCore.RestApiWithNLayer", "ATKDotNetCore.RestApiWithNLayer\ATKDotNetCore.RestApiWithNLayer.csproj", "{80369165-308F-46CE-80F3-B53CBF55DE5E}"
EndProject
Project("{9A19103F-16F7-4668-BE54-9A1E7A4F7556}") = "ATKDotNetCore.ConsoleAppHttpClient", "ATKDotNetCore.ConsoleAppHttpClient\ATKDotNetCore.ConsoleAppHttpClient.csproj", "{1D86B170-EA13-46EA-B161-A2D020B8492A}"
EndProject
Project("{9A19103F-16F7-4668-BE54-9A1E7A4F7556}") = "ATKDotNetCore.ConsoleAppHttpClientExamples", "ATKDotNetCore.ConsoleAppHttpClientExample\ATKDotNetCore.ConsoleAppHttpClientExamples.csproj", "{E1028A78-4B08-4DAB-B2CA-36AFAC6E830A}"
EndProject
Project("{9A19103F-16F7-4668-BE54-9A1E7A4F7556}") = "ATKDotNetCore.ConsoleAppRestClientExamples", "ATKDotNetCore.ConsoleAppRestClientExamples\ATKDotNetCore.ConsoleAppRestClientExamples.csproj", "{2274505B-A747-4A41-B7AA-8AD771204939}"
EndProject
Project("{9A19103F-16F7-4668-BE54-9A1E7A4F7556}") = "ATKDotNetCore.PizzaApi", "ATKDotNetCore.PizzaApi\ATKDotNetCore.PizzaApi.csproj", "{27CF338D-3EF8-45D2-9939-CBA427D2559C}"
EndProject
Project("{FAE04EC0-301F-11D3-BF4B-00C04F79EFBC}") = "ATKDotNetCore.ConsoleAppRefitExamples", "ATKDotNetCore.ConsoleAppRefitExamples\ATKDotNetCore.ConsoleAppRefitExamples.csproj", "{A2B285B5-5166-4BFF-8384-8A316067E890}"
EndProject
Global
	GlobalSection(SolutionConfigurationPlatforms) = preSolution
		Debug|Any CPU = Debug|Any CPU
		Release|Any CPU = Release|Any CPU
	EndGlobalSection
	GlobalSection(ProjectConfigurationPlatforms) = postSolution
		{5CF61205-B3F3-4D7C-847C-40988352692A}.Debug|Any CPU.ActiveCfg = Debug|Any CPU
		{5CF61205-B3F3-4D7C-847C-40988352692A}.Debug|Any CPU.Build.0 = Debug|Any CPU
		{5CF61205-B3F3-4D7C-847C-40988352692A}.Release|Any CPU.ActiveCfg = Release|Any CPU
		{5CF61205-B3F3-4D7C-847C-40988352692A}.Release|Any CPU.Build.0 = Release|Any CPU
		{BA060910-4C56-4C71-986C-5920936B3DCC}.Debug|Any CPU.ActiveCfg = Debug|Any CPU
		{BA060910-4C56-4C71-986C-5920936B3DCC}.Debug|Any CPU.Build.0 = Debug|Any CPU
		{BA060910-4C56-4C71-986C-5920936B3DCC}.Release|Any CPU.ActiveCfg = Release|Any CPU
		{BA060910-4C56-4C71-986C-5920936B3DCC}.Release|Any CPU.Build.0 = Release|Any CPU
		{981EDA7A-3FDC-4F33-A026-EA7002BF8EA4}.Debug|Any CPU.ActiveCfg = Debug|Any CPU
		{981EDA7A-3FDC-4F33-A026-EA7002BF8EA4}.Debug|Any CPU.Build.0 = Debug|Any CPU
		{981EDA7A-3FDC-4F33-A026-EA7002BF8EA4}.Release|Any CPU.ActiveCfg = Release|Any CPU
		{981EDA7A-3FDC-4F33-A026-EA7002BF8EA4}.Release|Any CPU.Build.0 = Release|Any CPU
		{80369165-308F-46CE-80F3-B53CBF55DE5E}.Debug|Any CPU.ActiveCfg = Debug|Any CPU
		{80369165-308F-46CE-80F3-B53CBF55DE5E}.Debug|Any CPU.Build.0 = Debug|Any CPU
		{80369165-308F-46CE-80F3-B53CBF55DE5E}.Release|Any CPU.ActiveCfg = Release|Any CPU
		{80369165-308F-46CE-80F3-B53CBF55DE5E}.Release|Any CPU.Build.0 = Release|Any CPU
		{1D86B170-EA13-46EA-B161-A2D020B8492A}.Debug|Any CPU.ActiveCfg = Debug|Any CPU
		{1D86B170-EA13-46EA-B161-A2D020B8492A}.Debug|Any CPU.Build.0 = Debug|Any CPU
		{1D86B170-EA13-46EA-B161-A2D020B8492A}.Release|Any CPU.ActiveCfg = Release|Any CPU
		{1D86B170-EA13-46EA-B161-A2D020B8492A}.Release|Any CPU.Build.0 = Release|Any CPU
		{E1028A78-4B08-4DAB-B2CA-36AFAC6E830A}.Debug|Any CPU.ActiveCfg = Debug|Any CPU
		{E1028A78-4B08-4DAB-B2CA-36AFAC6E830A}.Debug|Any CPU.Build.0 = Debug|Any CPU
		{E1028A78-4B08-4DAB-B2CA-36AFAC6E830A}.Release|Any CPU.ActiveCfg = Release|Any CPU
		{E1028A78-4B08-4DAB-B2CA-36AFAC6E830A}.Release|Any CPU.Build.0 = Release|Any CPU
		{2274505B-A747-4A41-B7AA-8AD771204939}.Debug|Any CPU.ActiveCfg = Debug|Any CPU
		{2274505B-A747-4A41-B7AA-8AD771204939}.Debug|Any CPU.Build.0 = Debug|Any CPU
		{2274505B-A747-4A41-B7AA-8AD771204939}.Release|Any CPU.ActiveCfg = Release|Any CPU
		{2274505B-A747-4A41-B7AA-8AD771204939}.Release|Any CPU.Build.0 = Release|Any CPU
		{27CF338D-3EF8-45D2-9939-CBA427D2559C}.Debug|Any CPU.ActiveCfg = Debug|Any CPU
		{27CF338D-3EF8-45D2-9939-CBA427D2559C}.Debug|Any CPU.Build.0 = Debug|Any CPU
		{27CF338D-3EF8-45D2-9939-CBA427D2559C}.Release|Any CPU.ActiveCfg = Release|Any CPU
		{27CF338D-3EF8-45D2-9939-CBA427D2559C}.Release|Any CPU.Build.0 = Release|Any CPU
		{A2B285B5-5166-4BFF-8384-8A316067E890}.Debug|Any CPU.ActiveCfg = Debug|Any CPU
		{A2B285B5-5166-4BFF-8384-8A316067E890}.Debug|Any CPU.Build.0 = Debug|Any CPU
		{A2B285B5-5166-4BFF-8384-8A316067E890}.Release|Any CPU.ActiveCfg = Release|Any CPU
		{A2B285B5-5166-4BFF-8384-8A316067E890}.Release|Any CPU.Build.0 = Release|Any CPU
	EndGlobalSection
	GlobalSection(SolutionProperties) = preSolution
		HideSolutionNode = FALSE
	EndGlobalSection
	GlobalSection(ExtensibilityGlobals) = postSolution
		SolutionGuid = {D66F4907-B5C9-4C1C-BD51-66131E53C972}
	EndGlobalSection
EndGlobal
